
Microsoft Visual Studio Solution File, Format Version 12.00
Project("{F2A71F9B-5D33-465A-A702-920D77279786}") = "day07", "day07\day07.fsproj", "{26B81E31-8A30-4E23-B7D6-7E312DE81934}"
EndProject
Project("{F2A71F9B-5D33-465A-A702-920D77279786}") = "day08", "day08\day08.fsproj", "{A02D6FB1-FD01-47C6-903B-6B1E11D491C0}"
EndProject
Project("{F2A71F9B-5D33-465A-A702-920D77279786}") = "day09", "day09\day09.fsproj", "{77C1FEF2-43D1-466A-BF28-9F4A287529D1}"
EndProject
Project("{F2A71F9B-5D33-465A-A702-920D77279786}") = "day10", "day10\day10.fsproj", "{69B1F2BB-08EC-4C0D-81AF-CA7462C690F5}"
EndProject
Project("{F2A71F9B-5D33-465A-A702-920D77279786}") = "day11", "day11\day11.fsproj", "{AD91DCFA-1C67-49BD-8901-F3F1F8B726C1}"
EndProject
Project("{F2A71F9B-5D33-465A-A702-920D77279786}") = "day13", "day13\day13.fsproj", "{CE3E1C90-E577-4782-A591-BCEB71D9E2DA}"
EndProject
Project("{F2A71F9B-5D33-465A-A702-920D77279786}") = "day14", "day14\day14.fsproj", "{245B7C62-DE28-4BE3-BCB3-AFC8ADC512CF}"
EndProject
Global
	GlobalSection(SolutionConfigurationPlatforms) = preSolution
		Debug|Any CPU = Debug|Any CPU
		Release|Any CPU = Release|Any CPU
	EndGlobalSection
	GlobalSection(ProjectConfigurationPlatforms) = postSolution
		{26B81E31-8A30-4E23-B7D6-7E312DE81934}.Debug|Any CPU.ActiveCfg = Debug|Any CPU
		{26B81E31-8A30-4E23-B7D6-7E312DE81934}.Debug|Any CPU.Build.0 = Debug|Any CPU
		{26B81E31-8A30-4E23-B7D6-7E312DE81934}.Release|Any CPU.ActiveCfg = Release|Any CPU
		{26B81E31-8A30-4E23-B7D6-7E312DE81934}.Release|Any CPU.Build.0 = Release|Any CPU
		{A02D6FB1-FD01-47C6-903B-6B1E11D491C0}.Debug|Any CPU.ActiveCfg = Debug|Any CPU
		{A02D6FB1-FD01-47C6-903B-6B1E11D491C0}.Debug|Any CPU.Build.0 = Debug|Any CPU
		{A02D6FB1-FD01-47C6-903B-6B1E11D491C0}.Release|Any CPU.ActiveCfg = Release|Any CPU
		{A02D6FB1-FD01-47C6-903B-6B1E11D491C0}.Release|Any CPU.Build.0 = Release|Any CPU
		{77C1FEF2-43D1-466A-BF28-9F4A287529D1}.Debug|Any CPU.ActiveCfg = Debug|Any CPU
		{77C1FEF2-43D1-466A-BF28-9F4A287529D1}.Debug|Any CPU.Build.0 = Debug|Any CPU
		{77C1FEF2-43D1-466A-BF28-9F4A287529D1}.Release|Any CPU.ActiveCfg = Release|Any CPU
		{77C1FEF2-43D1-466A-BF28-9F4A287529D1}.Release|Any CPU.Build.0 = Release|Any CPU
		{69B1F2BB-08EC-4C0D-81AF-CA7462C690F5}.Debug|Any CPU.ActiveCfg = Debug|Any CPU
		{69B1F2BB-08EC-4C0D-81AF-CA7462C690F5}.Debug|Any CPU.Build.0 = Debug|Any CPU
		{69B1F2BB-08EC-4C0D-81AF-CA7462C690F5}.Release|Any CPU.ActiveCfg = Release|Any CPU
		{69B1F2BB-08EC-4C0D-81AF-CA7462C690F5}.Release|Any CPU.Build.0 = Release|Any CPU
		{AD91DCFA-1C67-49BD-8901-F3F1F8B726C1}.Debug|Any CPU.ActiveCfg = Debug|Any CPU
		{AD91DCFA-1C67-49BD-8901-F3F1F8B726C1}.Debug|Any CPU.Build.0 = Debug|Any CPU
		{AD91DCFA-1C67-49BD-8901-F3F1F8B726C1}.Release|Any CPU.ActiveCfg = Release|Any CPU
		{AD91DCFA-1C67-49BD-8901-F3F1F8B726C1}.Release|Any CPU.Build.0 = Release|Any CPU
		{CE3E1C90-E577-4782-A591-BCEB71D9E2DA}.Debug|Any CPU.ActiveCfg = Debug|Any CPU
		{CE3E1C90-E577-4782-A591-BCEB71D9E2DA}.Debug|Any CPU.Build.0 = Debug|Any CPU
		{CE3E1C90-E577-4782-A591-BCEB71D9E2DA}.Release|Any CPU.ActiveCfg = Release|Any CPU
		{CE3E1C90-E577-4782-A591-BCEB71D9E2DA}.Release|Any CPU.Build.0 = Release|Any CPU
		{245B7C62-DE28-4BE3-BCB3-AFC8ADC512CF}.Debug|Any CPU.ActiveCfg = Debug|Any CPU
		{245B7C62-DE28-4BE3-BCB3-AFC8ADC512CF}.Debug|Any CPU.Build.0 = Debug|Any CPU
		{245B7C62-DE28-4BE3-BCB3-AFC8ADC512CF}.Release|Any CPU.ActiveCfg = Release|Any CPU
		{245B7C62-DE28-4BE3-BCB3-AFC8ADC512CF}.Release|Any CPU.Build.0 = Release|Any CPU
	EndGlobalSection
EndGlobal
